PODS:
  - Realm (2.1.2):
    - Realm/Headers (= 2.1.2)
  - Realm/Headers (2.1.2)
  - RealmSwift (2.1.2):
    - Realm (= 2.1.2)
  - RxCocoa (3.0.1):
    - RxSwift (~> 3.0)
  - RxSwift (3.0.1)
  - SDWebImage (3.8.2):
    - SDWebImage/Core (= 3.8.2)
  - SDWebImage/Core (3.8.2)

DEPENDENCIES:
  - RealmSwift
  - RxCocoa (~> 3.0.0.beta.1)
  - RxSwift (~> 3.0.0.beta.1)
  - SDWebImage (~> 3.8)

SPEC CHECKSUMS:
  Realm: efe855f4d977c8ce5a82d3116d9f1ff155a6550c
  RealmSwift: 17d6ee30b6f9df86364408c2197492e33bfea567
  RxCocoa: 15a52fc590dcc700cb4a690a633b5c5184ce3a78
  RxSwift: af5680055c4ad04480189c52d28385b1029493a6
  SDWebImage: 098e97e6176540799c27e804c96653ee0833d13c

PODFILE CHECKSUM: 1e11d0234cddd20353b5deba9a9fed38b1e3c014

COCOAPODS: 1.1.1
